
Microsoft Visual Studio Solution File, Format Version 12.00
# Visual Studio 15
VisualStudioVersion = 15.0.27130.2027
MinimumVisualStudioVersion = 10.0.40219.1
Project("{FAE04EC0-301F-11D3-BF4B-00C04F79EFBC}") = "Admin", "Admin\Admin.csproj", "{D81EB3C3-4A97-4EEF-A7B5-7C6EE1E4BF46}"
EndProject
Project("{2150E333-8FDC-42A3-9474-1A3956D46DE8}") = "Solution Items", "Solution Items", "{F1F44E8F-3E96-4119-8FA0-8697209931E5}"
EndProject
Global
	GlobalSection(SolutionConfigurationPlatforms) = preSolution
		Debug|Any CPU = Debug|Any CPU
		Release|Any CPU = Release|Any CPU
	EndGlobalSection
	GlobalSection(ProjectConfigurationPlatforms) = postSolution
		{D81EB3C3-4A97-4EEF-A7B5-7C6EE1E4BF46}.Debug|Any CPU.ActiveCfg = Debug|Any CPU
		{D81EB3C3-4A97-4EEF-A7B5-7C6EE1E4BF46}.Debug|Any CPU.Build.0 = Debug|Any CPU
		{D81EB3C3-4A97-4EEF-A7B5-7C6EE1E4BF46}.Release|Any CPU.ActiveCfg = Release|Any CPU
		{D81EB3C3-4A97-4EEF-A7B5-7C6EE1E4BF46}.Release|Any CPU.Build.0 = Release|Any CPU
	EndGlobalSection
	GlobalSection(SolutionProperties) = preSolution
		HideSolutionNode = FALSE
	EndGlobalSection
	GlobalSection(ExtensibilityGlobals) = postSolution
		SolutionGuid = {DE19A1A4-6E9A-43F1-8AE9-615FD45A4578}
	EndGlobalSection
EndGlobal
